
Microsoft Visual Studio Solution File, Format Version 12.00
# Visual Studio Version 16
VisualStudioVersion = 16.0.29306.81
MinimumVisualStudioVersion = 10.0.40219.1
Project("{FAE04EC0-301F-11D3-BF4B-00C04F79EFBC}") = "ActualizaPrecios", "ActualizaPrecios\ActualizaPrecios.csproj", "{02947D9C-6446-4922-839A-E47E56FD4B15}"
EndProject
Project("{54435603-DBB4-11D2-8724-00A0C9A8B90C}") = "ActualizaArticulosV4", "ActualizaArticulosV4\ActualizaArticulosV4.vdproj", "{8BD3251F-2EC3-4AAC-8AA0-3954E4EF3207}"
EndProject
Global
	GlobalSection(SolutionConfigurationPlatforms) = preSolution
		Debug|Any CPU = Debug|Any CPU
		Release|Any CPU = Release|Any CPU
	EndGlobalSection
	GlobalSection(ProjectConfigurationPlatforms) = postSolution
		{02947D9C-6446-4922-839A-E47E56FD4B15}.Debug|Any CPU.ActiveCfg = Debug|Any CPU
		{02947D9C-6446-4922-839A-E47E56FD4B15}.Debug|Any CPU.Build.0 = Debug|Any CPU
		{02947D9C-6446-4922-839A-E47E56FD4B15}.Release|Any CPU.ActiveCfg = Release|Any CPU
		{02947D9C-6446-4922-839A-E47E56FD4B15}.Release|Any CPU.Build.0 = Release|Any CPU
		{8BD3251F-2EC3-4AAC-8AA0-3954E4EF3207}.Debug|Any CPU.ActiveCfg = Debug
		{8BD3251F-2EC3-4AAC-8AA0-3954E4EF3207}.Release|Any CPU.ActiveCfg = Release
	EndGlobalSection
	GlobalSection(SolutionProperties) = preSolution
		HideSolutionNode = FALSE
	EndGlobalSection
	GlobalSection(ExtensibilityGlobals) = postSolution
		SolutionGuid = {33245DE9-64F4-4D8D-B9DA-DBEE8469BE5C}
	EndGlobalSection
EndGlobal
